
Microsoft Visual Studio Solution File, Format Version 12.00
# Visual Studio 15
VisualStudioVersion = 15.0.28307.852
MinimumVisualStudioVersion = 10.0.40219.1
Project("{FAE04EC0-301F-11D3-BF4B-00C04F79EFBC}") = "practice6-2", "practice6-2\practice6-2.csproj", "{B447F50F-2389-4161-A250-0970F769BA2B}"
EndProject
Global
	GlobalSection(SolutionConfigurationPlatforms) = preSolution
		Debug|Any CPU = Debug|Any CPU
		Release|Any CPU = Release|Any CPU
	EndGlobalSection
	GlobalSection(ProjectConfigurationPlatforms) = postSolution
		{B447F50F-2389-4161-A250-0970F769BA2B}.Debug|Any CPU.ActiveCfg = Debug|Any CPU
		{B447F50F-2389-4161-A250-0970F769BA2B}.Debug|Any CPU.Build.0 = Debug|Any CPU
		{B447F50F-2389-4161-A250-0970F769BA2B}.Release|Any CPU.ActiveCfg = Release|Any CPU
		{B447F50F-2389-4161-A250-0970F769BA2B}.Release|Any CPU.Build.0 = Release|Any CPU
	EndGlobalSection
	GlobalSection(SolutionProperties) = preSolution
		HideSolutionNode = FALSE
	EndGlobalSection
	GlobalSection(ExtensibilityGlobals) = postSolution
		SolutionGuid = {A2557A8E-5878-4487-9513-7F80CBB911E8}
	EndGlobalSection
EndGlobal
